{
  "name": "pdf",
  "version": "1.0.0",
  "lockfileVersion": 1,
  "requires": true,
  "dependencies": {
    "@mapbox/node-pre-gyp": {
      "version": "1.0.9",
      "resolved": "https://artifactory.hli.io:443/artifactory/api/npm/npm-virtual-release/@mapbox/node-pre-gyp/-/node-pre-gyp-1.0.9.tgz",
      "integrity": "sha1-Cah4GjoDYVHN676HGdb4sl1AWLw=",
      "requires": {
        "detect-libc": "^2.0.0",
        "https-proxy-agent": "^5.0.0",
        "make-dir": "^3.1.0",
        "node-fetch": "^2.6.7",
        "nopt": "^5.0.0",
        "npmlog": "^5.0.1",
        "rimraf": "^3.0.2",
        "semver": "^7.3.5",
        "tar": "^6.1.11"
      }
    },
    "@pdf-lib/standard-fonts": {
      "version": "1.0.0",
      "resolved": "https://artifactory.hli.io:443/artifactory/api/npm/npm-virtual-release/@pdf-lib/standard-fonts/-/standard-fonts-1.0.0.tgz",
      "integrity": "sha1-i6aRxEIfcWYu0HyaApS0RSivLX8=",
      "requires": {
        "pako": "^1.0.6"
      }
    },
    "@pdf-lib/upng": {
      "version": "1.0.1",
      "resolved": "https://artifactory.hli.io:443/artifactory/api/npm/npm-virtual-release/@pdf-lib/upng/-/upng-1.0.1.tgz",
      "integrity": "sha1-fcnGNicaygB6nfTery3X55YCgMs=",
      "requires": {
        "pako": "^1.0.10"
      }
    },
    "abbrev": {
      "version": "1.1.1",
      "resolved": "https://artifactory.hli.io:443/artifactory/api/npm/npm-virtual-release/abbrev/-/abbrev-1.1.1.tgz",
      "integrity": "sha1-+PLIh60Qv2f2NPAFtph/7TF5qsg="
    },
    "accepts": {
      "version": "1.3.8",
      "resolved": "https://artifactory.hli.io:443/artifactory/api/npm/npm-virtual-release/accepts/-/accepts-1.3.8.tgz",
      "integrity": "sha1-C/C+EltnAUrcsLCSHmLbe//hay4=",
      "requires": {
        "mime-types": "~2.1.34",
        "negotiator": "0.6.3"
      }
    },
    "agent-base": {
      "version": "6.0.2",
      "resolved": "https://artifactory.hli.io:443/artifactory/api/npm/npm-virtual-release/agent-base/-/agent-base-6.0.2.tgz",
      "integrity": "sha1-Sf/1hXfP7j83F2/qtMIuAPhtf3c=",
      "requires": {
        "debug": "4"
      }
    },
    "ansi-regex": {
      "version": "5.0.1",
      "resolved": "https://artifactory.hli.io:443/artifactory/api/npm/npm-virtual-release/ansi-regex/-/ansi-regex-5.0.1.tgz",
      "integrity": "sha1-CCyyyJyf6GWaMRpTvWpNxTAdswQ="
    },
    "anymatch": {
      "version": "3.1.2",
      "resolved": "https://artifactory.hli.io:443/artifactory/api/npm/npm-virtual-release/anymatch/-/anymatch-3.1.2.tgz",
      "integrity": "sha1-wFV8CWrzLxBhmPT04qODU343hxY=",
      "requires": {
        "normalize-path": "^3.0.0",
        "picomatch": "^2.0.4"
      }
    },
    "aproba": {
      "version": "2.0.0",
      "resolved": "https://artifactory.hli.io:443/artifactory/api/npm/npm-virtual-release/aproba/-/aproba-2.0.0.tgz",
      "integrity": "sha1-UlILiuW1aSFbNU78DKo/4eRaitw="
    },
    "are-we-there-yet": {
      "version": "2.0.0",
      "resolved": "https://artifactory.hli.io:443/artifactory/api/npm/npm-virtual-release/are-we-there-yet/-/are-we-there-yet-2.0.0.tgz",
      "integrity": "sha1-Ny4Oe9J52OlMZTqqH2cgCIS/Phw=",
      "requires": {
        "delegates": "^1.0.0",
        "readable-stream": "^3.6.0"
      }
    },
    "balanced-match": {
      "version": "1.0.2",
      "resolved": "https://artifactory.hli.io:443/artifactory/api/npm/npm-virtual-release/balanced-match/-/balanced-match-1.0.2.tgz",
      "integrity": "sha1-6D46fj8wCzTLnYf2FfoMvzV2kO4="
    },
    "binary-extensions": {
      "version": "2.2.0",
      "resolved": "https://artifactory.hli.io:443/artifactory/api/npm/npm-virtual-release/binary-extensions/-/binary-extensions-2.2.0.tgz",
      "integrity": "sha1-dfUC7q+f/eQvyYgpZFvk6na9ni0="
    },
    "brace-expansion": {
      "version": "1.1.11",
      "resolved": "https://artifactory.hli.io:443/artifactory/api/npm/npm-virtual-release/brace-expansion/-/brace-expansion-1.1.11.tgz",
      "integrity": "sha1-PH/L9SnYcibz0vUrlm/1Jx60Qd0=",
      "requires": {
        "balanced-match": "^1.0.0",
        "concat-map": "0.0.1"
      }
    },
    "braces": {
      "version": "3.0.2",
      "resolved": "https://artifactory.hli.io:443/artifactory/api/npm/npm-virtual-release/braces/-/braces-3.0.2.tgz",
      "integrity": "sha1-NFThpGLujVmeI23zNs2epPiv4Qc=",
      "requires": {
        "fill-range": "^7.0.1"
      }
    },
    "cache-content-type": {
      "version": "1.0.1",
      "resolved": "https://artifactory.hli.io:443/artifactory/api/npm/npm-virtual-release/cache-content-type/-/cache-content-type-1.0.1.tgz",
      "integrity": "sha1-A1zeKwjuISn0qDFeqPAKANuhRTw=",
      "requires": {
        "mime-types": "^2.1.18",
        "ylru": "^1.2.0"
      }
    },
    "canvas": {
      "version": "2.9.3",
      "resolved": "https://artifactory.hli.io:443/artifactory/api/npm/npm-virtual-release/canvas/-/canvas-2.9.3.tgz",
      "integrity": "sha1-hyPE+XBELUzc7bpSIVeflmCli9s=",
      "requires": {
        "@mapbox/node-pre-gyp": "^1.0.0",
        "nan": "^2.15.0",
        "simple-get": "^3.0.3"
      }
    },
    "chokidar": {
      "version": "3.5.3",
      "resolved": "https://artifactory.hli.io:443/artifactory/api/npm/npm-virtual-release/chokidar/-/chokidar-3.5.3.tgz",
      "integrity": "sha1-HPN8hwe5Mr0a8a4iwEMuKs0ZA70=",
      "requires": {
        "anymatch": "~3.1.2",
        "braces": "~3.0.2",
        "fsevents": "~2.3.2",
        "glob-parent": "~5.1.2",
        "is-binary-path": "~2.1.0",
        "is-glob": "~4.0.1",
        "normalize-path": "~3.0.0",
        "readdirp": "~3.6.0"
      }
    },
    "chownr": {
      "version": "2.0.0",
      "resolved": "https://artifactory.hli.io:443/artifactory/api/npm/npm-virtual-release/chownr/-/chownr-2.0.0.tgz",
      "integrity": "sha1-Fb++U9LqtM9w8YqM1o6+Wzyx3s4="
    },
    "co": {
      "version": "4.6.0",
      "resolved": "https://artifactory.hli.io:443/artifactory/api/npm/npm-virtual-release/co/-/co-4.6.0.tgz",
      "integrity": "sha1-bqa989hTrlTMuOR7+gvz+QMfsYQ="
    },
    "color-support": {
      "version": "1.1.3",
      "resolved": "https://artifactory.hli.io:443/artifactory/api/npm/npm-virtual-release/color-support/-/color-support-1.1.3.tgz",
      "integrity": "sha1-k4NDeaHMmgxh+C9S8NBDIiUb1aI="
    },
    "concat-map": {
      "version": "0.0.1",
      "resolved": "https://artifactory.hli.io:443/artifactory/api/npm/npm-virtual-release/concat-map/-/concat-map-0.0.1.tgz",
      "integrity": "sha1-2Klr13/Wjfd5OnMDajug1UBdR3s="
    },
    "console-control-strings": {
      "version": "1.1.0",
      "resolved": "https://artifactory.hli.io:443/artifactory/api/npm/npm-virtual-release/console-control-strings/-/console-control-strings-1.1.0.tgz",
      "integrity": "sha1-PXz0Rk22RG6mRL9LOVB/mFEAjo4="
    },
    "content-disposition": {
      "version": "0.5.4",
      "resolved": "https://artifactory.hli.io:443/artifactory/api/npm/npm-virtual-release/content-disposition/-/content-disposition-0.5.4.tgz",
      "integrity": "sha1-i4K076yCUSoCuwsdzsnSxejrW/4=",
      "requires": {
        "safe-buffer": "5.2.1"
      }
    },
    "content-type": {
      "version": "1.0.4",
      "resolved": "https://artifactory.hli.io:443/artifactory/api/npm/npm-virtual-release/content-type/-/content-type-1.0.4.tgz",
      "integrity": "sha1-4TjMdeBAxyexlm/l5fjJruJW/js="
    },
    "cookies": {
      "version": "0.8.0",
      "resolved": "https://artifactory.hli.io:443/artifactory/api/npm/npm-virtual-release/cookies/-/cookies-0.8.0.tgz",
      "integrity": "sha1-EpPOSzkXQKhAbjyYcOgoxLVPP5A=",
      "requires": {
        "depd": "~2.0.0",
        "keygrip": "~1.1.0"
      }
    },
    "debug": {
      "version": "4.3.4",
      "resolved": "https://artifactory.hli.io:443/artifactory/api/npm/npm-virtual-release/debug/-/debug-4.3.4.tgz",
      "integrity": "sha1-Exn2V5NX8jONMzfSzdSRS7XcyGU=",
      "requires": {
        "ms": "2.1.2"
      }
    },
    "decompress-response": {
      "version": "4.2.1",
      "resolved": "https://artifactory.hli.io:443/artifactory/api/npm/npm-virtual-release/decompress-response/-/decompress-response-4.2.1.tgz",
      "integrity": "sha1-QUAjzHowLaJc4uyC0NUjjMr9iYY=",
      "requires": {
        "mimic-response": "^2.0.0"
      }
    },
    "deep-equal": {
      "version": "1.0.1",
      "resolved": "https://artifactory.hli.io:443/artifactory/api/npm/npm-virtual-release/deep-equal/-/deep-equal-1.0.1.tgz",
      "integrity": "sha1-9dJgKStmDghO/0zbyfCK0yR0SLU="
    },
    "delegates": {
      "version": "1.0.0",
      "resolved": "https://artifactory.hli.io:443/artifactory/api/npm/npm-virtual-release/delegates/-/delegates-1.0.0.tgz",
      "integrity": "sha1-hMbhWbgZBP3KWaDvRM2HDTElD5o="
    },
    "depd": {
      "version": "2.0.0",
      "resolved": "https://artifactory.hli.io:443/artifactory/api/npm/npm-virtual-release/depd/-/depd-2.0.0.tgz",
      "integrity": "sha1-tpYWPMdXVg0JzyLMj60Vcbeedt8="
    },
    "destroy": {
      "version": "1.2.0",
      "resolved": "https://artifactory.hli.io:443/artifactory/api/npm/npm-virtual-release/destroy/-/destroy-1.2.0.tgz",
      "integrity": "sha1-SANzVQmti+VSk0xn32FPlOZvoBU="
    },
    "detect-libc": {
      "version": "2.0.1",
      "resolved": "https://artifactory.hli.io:443/artifactory/api/npm/npm-virtual-release/detect-libc/-/detect-libc-2.0.1.tgz",
      "integrity": "sha1-4Yl6qI+mrRl4YpN/vARB7zUu4M0="
    },
    "echarts": {
      "version": "5.3.3",
      "resolved": "https://artifactory.hli.io:443/artifactory/api/npm/npm-virtual-release/echarts/-/echarts-5.3.3.tgz",
      "integrity": "sha1-35ewnEwOL/zftErPUY1QxQ4Lg44=",
      "requires": {
        "tslib": "2.3.0",
        "zrender": "5.3.2"
      }
    },
    "ee-first": {
      "version": "1.1.1",
      "resolved": "https://artifactory.hli.io:443/artifactory/api/npm/npm-virtual-release/ee-first/-/ee-first-1.1.1.tgz",
      "integrity": "sha1-WQxhFWsK4vTwJVcyoViyZrxWsh0="
    },
    "emoji-regex": {
      "version": "8.0.0",
      "resolved": "https://artifactory.hli.io:443/artifactory/api/npm/npm-virtual-release/emoji-regex/-/emoji-regex-8.0.0.tgz",
      "integrity": "sha1-6Bj9ac5cz8tARZT4QpY79TFkzDc="
    },
    "encodeurl": {
      "version": "1.0.2",
      "resolved": "https://artifactory.hli.io:443/artifactory/api/npm/npm-virtual-release/encodeurl/-/encodeurl-1.0.2.tgz",
      "integrity": "sha1-rT/0yG7C0CkyL1oCw6mmBslbP1k="
    },
    "escape-html": {
      "version": "1.0.3",
      "resolved": "https://artifactory.hli.io:443/artifactory/api/npm/npm-virtual-release/escape-html/-/escape-html-1.0.3.tgz",
      "integrity": "sha1-Aljq5NPQwJdN4cFpGI7wBR0dGYg="
    },
    "fill-range": {
      "version": "7.0.1",
      "resolved": "https://artifactory.hli.io:443/artifactory/api/npm/npm-virtual-release/fill-range/-/fill-range-7.0.1.tgz",
      "integrity": "sha1-GRmmp8df44ssfHflGYU12prN2kA=",
      "requires": {
        "to-regex-range": "^5.0.1"
      }
    },
    "fresh": {
      "version": "0.5.2",
      "resolved": "https://artifactory.hli.io:443/artifactory/api/npm/npm-virtual-release/fresh/-/fresh-0.5.2.tgz",
      "integrity": "sha1-PYyt2Q2XZWn6g1qx+OSyOhBWBac="
    },
    "fs-minipass": {
      "version": "2.1.0",
      "resolved": "https://artifactory.hli.io:443/artifactory/api/npm/npm-virtual-release/fs-minipass/-/fs-minipass-2.1.0.tgz",
      "integrity": "sha1-f1A2/b8SxjwWkZDL5BmchSJx+fs=",
      "requires": {
        "minipass": "^3.0.0"
      }
    },
    "fs.realpath": {
      "version": "1.0.0",
      "resolved": "https://artifactory.hli.io:443/artifactory/api/npm/npm-virtual-release/fs.realpath/-/fs.realpath-1.0.0.tgz",
      "integrity": "sha1-FQStJSMVjKpA20onh8sBQRmU6k8="
    },
    "fsevents": {
      "version": "2.3.2",
      "resolved": "https://artifactory.hli.io:443/artifactory/api/npm/npm-virtual-release/fsevents/-/fsevents-2.3.2.tgz",
      "integrity": "sha1-ilJveLj99GI7cJ4Ll1xSwkwC/Ro=",
      "optional": true
    },
    "gauge": {
      "version": "3.0.2",
      "resolved": "https://artifactory.hli.io:443/artifactory/api/npm/npm-virtual-release/gauge/-/gauge-3.0.2.tgz",
      "integrity": "sha1-A79EQcBEODkIvPoGVq2RgDJZs5U=",
      "requires": {
        "aproba": "^1.0.3 || ^2.0.0",
        "color-support": "^1.1.2",
        "console-control-strings": "^1.0.0",
        "has-unicode": "^2.0.1",
        "object-assign": "^4.1.1",
        "signal-exit": "^3.0.0",
        "string-width": "^4.2.3",
        "strip-ansi": "^6.0.1",
        "wide-align": "^1.1.2"
      }
    },
    "glob": {
      "version": "7.2.3",
      "resolved": "https://artifactory.hli.io:443/artifactory/api/npm/npm-virtual-release/glob/-/glob-7.2.3.tgz",
      "integrity": "sha1-uN8PuAK7+o6JvR2Ti04WV47UTys=",
      "requires": {
        "fs.realpath": "^1.0.0",
        "inflight": "^1.0.4",
        "inherits": "2",
        "minimatch": "^3.1.1",
        "once": "^1.3.0",
        "path-is-absolute": "^1.0.0"
      }
    },
    "glob-parent": {
      "version": "5.1.2",
      "resolved": "https://artifactory.hli.io:443/artifactory/api/npm/npm-virtual-release/glob-parent/-/glob-parent-5.1.2.tgz",
      "integrity": "sha1-hpgyxYA0/mikCTwX3BXoNA2EAcQ=",
      "requires": {
        "is-glob": "^4.0.1"
      }
    },
    "has-flag": {
      "version": "3.0.0",
      "resolved": "https://artifactory.hli.io:443/artifactory/api/npm/npm-virtual-release/has-flag/-/has-flag-3.0.0.tgz",
      "integrity": "sha1-tdRU3CGZriJWmfNGfloH87lVuv0="
    },
    "has-symbols": {
      "version": "1.0.3",
      "resolved": "https://artifactory.hli.io:443/artifactory/api/npm/npm-virtual-release/has-symbols/-/has-symbols-1.0.3.tgz",
      "integrity": "sha1-u3ssQ0klHc6HsSX3vfh0qnyLOfg="
    },
    "has-tostringtag": {
      "version": "1.0.0",
      "resolved": "https://artifactory.hli.io:443/artifactory/api/npm/npm-virtual-release/has-tostringtag/-/has-tostringtag-1.0.0.tgz",
      "integrity": "sha1-fhM4GKfTlHNPlB5zw9P5KR5liyU=",
      "requires": {
        "has-symbols": "^1.0.2"
      }
    },
    "has-unicode": {
      "version": "2.0.1",
      "resolved": "https://artifactory.hli.io:443/artifactory/api/npm/npm-virtual-release/has-unicode/-/has-unicode-2.0.1.tgz",
      "integrity": "sha1-4Ob+aijPUROIVeCG0Wkedx3iqLk="
    },
    "http-assert": {
      "version": "1.5.0",
      "resolved": "https://artifactory.hli.io:443/artifactory/api/npm/npm-virtual-release/http-assert/-/http-assert-1.5.0.tgz",
      "integrity": "sha1-w4nM2HrBbtLfpiRv1zuSaqAOa48=",
      "requires": {
        "deep-equal": "~1.0.1",
        "http-errors": "~1.8.0"
      }
    },
    "http-errors": {
      "version": "1.8.1",
      "resolved": "https://artifactory.hli.io:443/artifactory/api/npm/npm-virtual-release/http-errors/-/http-errors-1.8.1.tgz",
      "integrity": "sha1-fD8oV3y8iiBziEVdvWIpXtB71ow=",
      "requires": {
        "depd": "~1.1.2",
        "inherits": "2.0.4",
        "setprototypeof": "1.2.0",
        "statuses": ">= 1.5.0 < 2",
        "toidentifier": "1.0.1"
      },
      "dependencies": {
        "depd": {
          "version": "1.1.2",
          "resolved": "https://artifactory.hli.io:443/artifactory/api/npm/npm-virtual-release/depd/-/depd-1.1.2.tgz",
          "integrity": "sha1-m81S4UwJd2PnSbJ0xDRu0uVgtak="
        }
      }
    },
    "https-proxy-agent": {
      "version": "5.0.1",
      "resolved": "https://artifactory.hli.io:443/artifactory/api/npm/npm-virtual-release/https-proxy-agent/-/https-proxy-agent-5.0.1.tgz",
      "integrity": "sha1-xZ7yJKBP6LdU89sAY6Jeow0ABdY=",
      "requires": {
        "agent-base": "6",
        "debug": "4"
      }
    },
    "ignore-by-default": {
      "version": "1.0.1",
      "resolved": "https://artifactory.hli.io:443/artifactory/api/npm/npm-virtual-release/ignore-by-default/-/ignore-by-default-1.0.1.tgz",
      "integrity": "sha1-SMptcvbGo68Aqa1K5odr44ieKwk="
    },
    "inflight": {
      "version": "1.0.6",
      "resolved": "https://artifactory.hli.io:443/artifactory/api/npm/npm-virtual-release/inflight/-/inflight-1.0.6.tgz",
      "integrity": "sha1-Sb1jMdfQLQwJvJEKEHW6gWW1bfk=",
      "requires": {
        "once": "^1.3.0",
        "wrappy": "1"
      }
    },
    "inherits": {
      "version": "2.0.4",
      "resolved": "https://artifactory.hli.io:443/artifactory/api/npm/npm-virtual-release/inherits/-/inherits-2.0.4.tgz",
      "integrity": "sha1-D6LGT5MpF8NDOg3tVTY6rjdBa3w="
    },
    "is-binary-path": {
      "version": "2.1.0",
      "resolved": "https://artifactory.hli.io:443/artifactory/api/npm/npm-virtual-release/is-binary-path/-/is-binary-path-2.1.0.tgz",
      "integrity": "sha1-6h9/O4DwZCNug0cPhsCcJU+0Wwk=",
      "requires": {
        "binary-extensions": "^2.0.0"
      }
    },
    "is-extglob": {
      "version": "2.1.1",
      "resolved": "https://artifactory.hli.io:443/artifactory/api/npm/npm-virtual-release/is-extglob/-/is-extglob-2.1.1.tgz",
      "integrity": "sha1-qIwCU1eR8C7TfHahueqXc8gz+MI="
    },
    "is-fullwidth-code-point": {
      "version": "3.0.0",
      "resolved": "https://artifactory.hli.io:443/artifactory/api/npm/npm-virtual-release/is-fullwidth-code-point/-/is-fullwidth-code-point-3.0.0.tgz",
      "integrity": "sha1-8Rb4Bk/pCz94RKOJl8C3UFEmnx0="
    },
    "is-generator-function": {
      "version": "1.0.10",
      "resolved": "https://artifactory.hli.io:443/artifactory/api/npm/npm-virtual-release/is-generator-function/-/is-generator-function-1.0.10.tgz",
      "integrity": "sha1-8VWLrxrBfg3up8BBXEODUf8rPHI=",
      "requires": {
        "has-tostringtag": "^1.0.0"
      }
    },
    "is-glob": {
      "version": "4.0.3",
      "resolved": "https://artifactory.hli.io:443/artifactory/api/npm/npm-virtual-release/is-glob/-/is-glob-4.0.3.tgz",
      "integrity": "sha1-ZPYeQsu7LuwgcanawLKLoeZdUIQ=",
      "requires": {
        "is-extglob": "^2.1.1"
      }
    },
    "is-number": {
      "version": "7.0.0",
      "resolved": "https://artifactory.hli.io:443/artifactory/api/npm/npm-virtual-release/is-number/-/is-number-7.0.0.tgz",
      "integrity": "sha1-dTU0W4lnNNX4DE0GxQlVUnoU8Ss="
    },
    "is-stream": {
      "version": "1.1.0",
      "resolved": "https://artifactory.hli.io:443/artifactory/api/npm/npm-virtual-release/is-stream/-/is-stream-1.1.0.tgz",
      "integrity": "sha1-EtSj3U5o4Lec6428hBc66A2RykQ="
    },
    "keygrip": {
      "version": "1.1.0",
      "resolved": "https://artifactory.hli.io:443/artifactory/api/npm/npm-virtual-release/keygrip/-/keygrip-1.1.0.tgz",
      "integrity": "sha1-hxsWgdXhWcYqRFsMdLYV4JF+ciY=",
      "requires": {
        "tsscmp": "1.0.6"
      }
    },
    "koa": {
      "version": "2.13.4",
      "resolved": "https://artifactory.hli.io:443/artifactory/api/npm/npm-virtual-release/koa/-/koa-2.13.4.tgz",
      "integrity": "sha1-7lsMs54LgGnDjRFROcd0gz0yRi4=",
      "requires": {
        "accepts": "^1.3.5",
        "cache-content-type": "^1.0.0",
        "content-disposition": "~0.5.2",
        "content-type": "^1.0.4",
        "cookies": "~0.8.0",
        "debug": "^4.3.2",
        "delegates": "^1.0.0",
        "depd": "^2.0.0",
        "destroy": "^1.0.4",
        "encodeurl": "^1.0.2",
        "escape-html": "^1.0.3",
        "fresh": "~0.5.2",
        "http-assert": "^1.3.0",
        "http-errors": "^1.6.3",
        "is-generator-function": "^1.0.7",
        "koa-compose": "^4.1.0",
        "koa-convert": "^2.0.0",
        "on-finished": "^2.3.0",
        "only": "~0.0.2",
        "parseurl": "^1.3.2",
        "statuses": "^1.5.0",
        "type-is": "^1.6.16",
        "vary": "^1.1.2"
      }
    },
    "koa-compose": {
      "version": "4.1.0",
      "resolved": "https://artifactory.hli.io:443/artifactory/api/npm/npm-virtual-release/koa-compose/-/koa-compose-4.1.0.tgz",
      "integrity": "sha1-UHMGuTcZAdtBEhyBLpI9DWfT6Hc="
    },
    "koa-convert": {
      "version": "2.0.0",
      "resolved": "https://artifactory.hli.io:443/artifactory/api/npm/npm-virtual-release/koa-convert/-/koa-convert-2.0.0.tgz",
      "integrity": "sha1-hqDETYHUBVG64i/uZwmQRXPupPU=",
      "requires": {
        "co": "^4.6.0",
        "koa-compose": "^4.1.0"
      }
    },
    "koa-router": {
      "version": "10.1.1",
      "resolved": "https://artifactory.hli.io:443/artifactory/api/npm/npm-virtual-release/koa-router/-/koa-router-10.1.1.tgz",
      "integrity": "sha1-IICfgmSFGLhHJs1EUDeBPNmfF/8=",
      "requires": {
        "debug": "^4.1.1",
        "http-errors": "^1.7.3",
        "koa-compose": "^4.1.0",
        "methods": "^1.1.2",
        "path-to-regexp": "^6.1.0"
      }
    },
    "koa-send": {
      "version": "5.0.1",
      "resolved": "https://artifactory.hli.io:443/artifactory/api/npm/npm-virtual-release/koa-send/-/koa-send-5.0.1.tgz",
      "integrity": "sha1-Odzuv6+zldDWC+r/ujpwtPVD/nk=",
      "requires": {
        "debug": "^4.1.1",
        "http-errors": "^1.7.3",
        "resolve-path": "^1.4.0"
      }
    },
    "koa-static": {
      "version": "5.0.0",
      "resolved": "https://artifactory.hli.io:443/artifactory/api/npm/npm-virtual-release/koa-static/-/koa-static-5.0.0.tgz",
      "integrity": "sha1-XpL8lrU3rVIZ9CUxnJW2R3J3aUM=",
      "requires": {
        "debug": "^3.1.0",
        "koa-send": "^5.0.0"
      },
      "dependencies": {
        "debug": {
          "version": "3.2.7",
          "resolved": "https://artifactory.hli.io:443/artifactory/api/npm/npm-virtual-release/debug/-/debug-3.2.7.tgz",
          "integrity": "sha1-clgLfpFF+zm2Z2+cXl+xALk0F5o=",
          "requires": {
            "ms": "^2.1.1"
          }
        }
      }
    },
    "lru-cache": {
      "version": "6.0.0",
      "resolved": "https://artifactory.hli.io:443/artifactory/api/npm/npm-virtual-release/lru-cache/-/lru-cache-6.0.0.tgz",
      "integrity": "sha1-bW/mVw69lqr5D8rR2vo7JWbbOpQ=",
      "requires": {
        "yallist": "^4.0.0"
      }
    },
    "make-dir": {
      "version": "3.1.0",
      "resolved": "https://artifactory.hli.io:443/artifactory/api/npm/npm-virtual-release/make-dir/-/make-dir-3.1.0.tgz",
      "integrity": "sha1-QV6WcEazp/HRhSd9hKpYIDcmoT8=",
      "requires": {
        "semver": "^6.0.0"
      },
      "dependencies": {
        "semver": {
          "version": "6.3.0",
          "resolved": "https://artifactory.hli.io:443/artifactory/api/npm/npm-virtual-release/semver/-/semver-6.3.0.tgz",
          "integrity": "sha1-7gpkyK9ejO6mdoexM3YeG+y9HT0="
        }
      }
    },
    "media-typer": {
      "version": "0.3.0",
      "resolved": "https://artifactory.hli.io:443/artifactory/api/npm/npm-virtual-release/media-typer/-/media-typer-0.3.0.tgz",
      "integrity": "sha1-hxDXrwqmJvj/+hzgAWhUUmMlV0g="
    },
    "methods": {
      "version": "1.1.2",
      "resolved": "https://artifactory.hli.io:443/artifactory/api/npm/npm-virtual-release/methods/-/methods-1.1.2.tgz",
      "integrity": "sha1-VSmk1nZUE07cxSZmVoNbD4Ua/O4="
    },
    "mime-db": {
      "version": "1.52.0",
      "resolved": "https://artifactory.hli.io:443/artifactory/api/npm/npm-virtual-release/mime-db/-/mime-db-1.52.0.tgz",
      "integrity": "sha1-u6vNwChZ9JhzAchW4zh85exDv3A="
    },
    "mime-types": {
      "version": "2.1.35",
      "resolved": "https://artifactory.hli.io:443/artifactory/api/npm/npm-virtual-release/mime-types/-/mime-types-2.1.35.tgz",
      "integrity": "sha1-OBqHG2KnNEUGYK497uRIE/cNlZo=",
      "requires": {
        "mime-db": "1.52.0"
      }
    },
    "mimic-response": {
      "version": "2.1.0",
      "resolved": "https://artifactory.hli.io:443/artifactory/api/npm/npm-virtual-release/mimic-response/-/mimic-response-2.1.0.tgz",
      "integrity": "sha1-0Tdj019hPQnsN+uzC6wEacDuj0M="
    },
    "minimatch": {
      "version": "3.1.2",
      "resolved": "https://artifactory.hli.io:443/artifactory/api/npm/npm-virtual-release/minimatch/-/minimatch-3.1.2.tgz",
      "integrity": "sha1-Gc0ZS/0+Qo8EmnCBfAONiatL41s=",
      "requires": {
        "brace-expansion": "^1.1.7"
      }
    },
    "minipass": {
      "version": "3.3.4",
      "resolved": "https://artifactory.hli.io:443/artifactory/api/npm/npm-virtual-release/minipass/-/minipass-3.3.4.tgz",
      "integrity": "sha1-ypn5Xdd8Q8ena/UebSAAJe7g/64=",
      "requires": {
        "yallist": "^4.0.0"
      }
    },
    "minizlib": {
      "version": "2.1.2",
      "resolved": "https://artifactory.hli.io:443/artifactory/api/npm/npm-virtual-release/minizlib/-/minizlib-2.1.2.tgz",
      "integrity": "sha1-6Q00Zrogm5MkUVCKEc49NjIUWTE=",
      "requires": {
        "minipass": "^3.0.0",
        "yallist": "^4.0.0"
      }
    },
    "mkdirp": {
      "version": "1.0.4",
      "resolved": "https://artifactory.hli.io:443/artifactory/api/npm/npm-virtual-release/mkdirp/-/mkdirp-1.0.4.tgz",
      "integrity": "sha1-PrXtYmInVteaXw4qIh3+utdcL34="
    },
    "ms": {
      "version": "2.1.2",
      "resolved": "https://artifactory.hli.io:443/artifactory/api/npm/npm-virtual-release/ms/-/ms-2.1.2.tgz",
      "integrity": "sha1-0J0fNXtEP0kzgqjrPM0YOHKuYAk="
    },
    "mustache": {
      "version": "4.2.0",
      "resolved": "https://artifactory.hli.io:443/artifactory/api/npm/npm-virtual-release/mustache/-/mustache-4.2.0.tgz",
      "integrity": "sha1-5YkjJNYKEuycKnM1ntylKXK/b2Q="
    },
    "nan": {
      "version": "2.16.0",
      "resolved": "https://artifactory.hli.io:443/artifactory/api/npm/npm-virtual-release/nan/-/nan-2.16.0.tgz",
      "integrity": "sha1-Zk9D5FRg+5j68A7coLsNe43OeRY="
    },
    "negotiator": {
      "version": "0.6.3",
      "resolved": "https://artifactory.hli.io:443/artifactory/api/npm/npm-virtual-release/negotiator/-/negotiator-0.6.3.tgz",
      "integrity": "sha1-WOMjpy/twNb5zU0x/kn1FHlZDM0="
    },
    "node-fetch": {
      "version": "2.6.7",
      "resolved": "https://artifactory.hli.io:443/artifactory/api/npm/npm-virtual-release/node-fetch/-/node-fetch-2.6.7.tgz",
      "integrity": "sha1-JN6fuoJ+O0rkTciyAlajeRYAUq0=",
      "requires": {
        "whatwg-url": "^5.0.0"
      }
    },
    "nodemon": {
      "version": "2.0.19",
      "resolved": "https://artifactory.hli.io:443/artifactory/api/npm/npm-virtual-release/nodemon/-/nodemon-2.0.19.tgz",
      "integrity": "sha1-ysF190ucuLV+dw1HhBmV7r5EiL0=",
      "requires": {
        "chokidar": "^3.5.2",
        "debug": "^3.2.7",
        "ignore-by-default": "^1.0.1",
        "minimatch": "^3.0.4",
        "pstree.remy": "^1.1.8",
        "semver": "^5.7.1",
        "simple-update-notifier": "^1.0.7",
        "supports-color": "^5.5.0",
        "touch": "^3.1.0",
        "undefsafe": "^2.0.5"
      },
      "dependencies": {
        "debug": {
          "version": "3.2.7",
          "resolved": "https://artifactory.hli.io:443/artifactory/api/npm/npm-virtual-release/debug/-/debug-3.2.7.tgz",
          "integrity": "sha1-clgLfpFF+zm2Z2+cXl+xALk0F5o=",
          "requires": {
            "ms": "^2.1.1"
          }
        },
        "semver": {
          "version": "5.7.1",
          "resolved": "https://artifactory.hli.io:443/artifactory/api/npm/npm-virtual-release/semver/-/semver-5.7.1.tgz",
          "integrity": "sha1-qVT5Ma66UI0we78Gnv8MAclhFvc="
        }
      }
    },
    "nopt": {
      "version": "5.0.0",
      "resolved": "https://artifactory.hli.io:443/artifactory/api/npm/npm-virtual-release/nopt/-/nopt-5.0.0.tgz",
      "integrity": "sha1-UwlCu1ilEvzK/lP+IQ8TolNV3Ig=",
      "requires": {
        "abbrev": "1"
      }
    },
    "normalize-path": {
      "version": "3.0.0",
      "resolved": "https://artifactory.hli.io:443/artifactory/api/npm/npm-virtual-release/normalize-path/-/normalize-path-3.0.0.tgz",
      "integrity": "sha1-Dc1p/yOhybEf0JeDFmRKA4ghamU="
    },
    "npmlog": {
      "version": "5.0.1",
      "resolved": "https://artifactory.hli.io:443/artifactory/api/npm/npm-virtual-release/npmlog/-/npmlog-5.0.1.tgz",
      "integrity": "sha1-8GZ46A4pQZrWerlk4PpplZweuLA=",
      "requires": {
        "are-we-there-yet": "^2.0.0",
        "console-control-strings": "^1.1.0",
        "gauge": "^3.0.0",
        "set-blocking": "^2.0.0"
      }
    },
    "object-assign": {
      "version": "4.1.1",
      "resolved": "https://artifactory.hli.io:443/artifactory/api/npm/npm-virtual-release/object-assign/-/object-assign-4.1.1.tgz",
      "integrity": "sha1-IQmtx5ZYh8/AXLvUQsrIv7s2CGM="
    },
    "on-finished": {
      "version": "2.4.1",
      "resolved": "https://artifactory.hli.io:443/artifactory/api/npm/npm-virtual-release/on-finished/-/on-finished-2.4.1.tgz",
      "integrity": "sha1-WMjEQRblSEWtV/FKsQsDUzGErD8=",
      "requires": {
        "ee-first": "1.1.1"
      }
    },
    "once": {
      "version": "1.4.0",
      "resolved": "https://artifactory.hli.io:443/artifactory/api/npm/npm-virtual-release/once/-/once-1.4.0.tgz",
      "integrity": "sha1-WDsap3WWHUsROsF9nFC6753Xa9E=",
      "requires": {
        "wrappy": "1"
      }
    },
    "only": {
      "version": "0.0.2",
      "resolved": "https://artifactory.hli.io:443/artifactory/api/npm/npm-virtual-release/only/-/only-0.0.2.tgz",
      "integrity": "sha1-Kv3oTQPlC5qO3EROMGEKcCle37Q="
    },
    "pako": {
      "version": "1.0.11",
      "resolved": "https://artifactory.hli.io:443/artifactory/api/npm/npm-virtual-release/pako/-/pako-1.0.11.tgz",
      "integrity": "sha1-bJWZ00DVTf05RjgCUqNXBaa5kr8="
    },
    "parseurl": {
      "version": "1.3.3",
      "resolved": "https://artifactory.hli.io:443/artifactory/api/npm/npm-virtual-release/parseurl/-/parseurl-1.3.3.tgz",
      "integrity": "sha1-naGee+6NEt/wUT7Vt2lXeTvC6NQ="
    },
    "path-is-absolute": {
      "version": "1.0.1",
      "resolved": "https://artifactory.hli.io:443/artifactory/api/npm/npm-virtual-release/path-is-absolute/-/path-is-absolute-1.0.1.tgz",
      "integrity": "sha1-F0uSaHNVNP+8es5r9TpanhtcX18="
    },
    "path-to-regexp": {
      "version": "6.2.1",
      "resolved": "https://artifactory.hli.io:443/artifactory/api/npm/npm-virtual-release/path-to-regexp/-/path-to-regexp-6.2.1.tgz",
      "integrity": "sha1-1Uk01nmOueXvFOeveWLJRZBpGOU="
    },
    "pdf-lib": {
      "version": "1.17.1",
      "resolved": "https://artifactory.hli.io:443/artifactory/api/npm/npm-virtual-release/pdf-lib/-/pdf-lib-1.17.1.tgz",
      "integrity": "sha1-nn3SEmGgwfsXmSWAiFs559CPRR8=",
      "requires": {
        "@pdf-lib/standard-fonts": "^1.0.0",
        "@pdf-lib/upng": "^1.0.1",
        "pako": "^1.0.11",
        "tslib": "^1.11.1"
      },
      "dependencies": {
        "tslib": {
          "version": "1.14.1",
          "resolved": "https://artifactory.hli.io:443/artifactory/api/npm/npm-virtual-release/tslib/-/tslib-1.14.1.tgz",
          "integrity": "sha1-zy04vcNKE0vK8QkcQfZhni9nLQA="
        }
      }
    },
    "picomatch": {
      "version": "2.3.1",
      "resolved": "https://artifactory.hli.io:443/artifactory/api/npm/npm-virtual-release/picomatch/-/picomatch-2.3.1.tgz",
      "integrity": "sha1-O6ODNzNkbZ0+SZWUbBNlpn+wekI="
    },
    "pstree.remy": {
      "version": "1.1.8",
      "resolved": "https://artifactory.hli.io:443/artifactory/api/npm/npm-virtual-release/pstree.remy/-/pstree.remy-1.1.8.tgz",
      "integrity": "sha1-wkIiT0pnwh9oaDm720rCgrg3PTo="
    },
    "readable-stream": {
      "version": "3.6.0",
      "resolved": "https://artifactory.hli.io:443/artifactory/api/npm/npm-virtual-release/readable-stream/-/readable-stream-3.6.0.tgz",
      "integrity": "sha1-M3u9o63AcGvT4CRCaihtS0sskZg=",
      "requires": {
        "inherits": "^2.0.3",
        "string_decoder": "^1.1.1",
        "util-deprecate": "^1.0.1"
      }
    },
    "readdirp": {
      "version": "3.6.0",
      "resolved": "https://artifactory.hli.io:443/artifactory/api/npm/npm-virtual-release/readdirp/-/readdirp-3.6.0.tgz",
      "integrity": "sha1-dKNwvYVxFuJFspzJc0DNQxoCpsc=",
      "requires": {
        "picomatch": "^2.2.1"
      }
    },
    "resolve-path": {
      "version": "1.4.0",
      "resolved": "https://artifactory.hli.io:443/artifactory/api/npm/npm-virtual-release/resolve-path/-/resolve-path-1.4.0.tgz",
      "integrity": "sha1-xL2p9e+y/OZSR4c6s2u02DT+Fvc=",
      "requires": {
        "http-errors": "~1.6.2",
        "path-is-absolute": "1.0.1"
      },
      "dependencies": {
        "depd": {
          "version": "1.1.2",
          "resolved": "https://artifactory.hli.io:443/artifactory/api/npm/npm-virtual-release/depd/-/depd-1.1.2.tgz",
          "integrity": "sha1-m81S4UwJd2PnSbJ0xDRu0uVgtak="
        },
        "http-errors": {
          "version": "1.6.3",
          "resolved": "https://artifactory.hli.io:443/artifactory/api/npm/npm-virtual-release/http-errors/-/http-errors-1.6.3.tgz",
          "integrity": "sha1-i1VoC7S+KDoLW/TqLjhYC+HZMg0=",
          "requires": {
            "depd": "~1.1.2",
            "inherits": "2.0.3",
            "setprototypeof": "1.1.0",
            "statuses": ">= 1.4.0 < 2"
          }
        },
        "inherits": {
          "version": "2.0.3",
          "resolved": "https://artifactory.hli.io:443/artifactory/api/npm/npm-virtual-release/inherits/-/inherits-2.0.3.tgz",
          "integrity": "sha1-Yzwsg+PaQqUC9SRmAiSA9CCCYd4="
        },
        "setprototypeof": {
          "version": "1.1.0",
          "resolved": "https://artifactory.hli.io:443/artifactory/api/npm/npm-virtual-release/setprototypeof/-/setprototypeof-1.1.0.tgz",
          "integrity": "sha1-0L2FU2iHtv58DYGMuWLZ2RxU5lY="
        }
      }
    },
    "rimraf": {
      "version": "3.0.2",
      "resolved": "https://artifactory.hli.io:443/artifactory/api/npm/npm-virtual-release/rimraf/-/rimraf-3.0.2.tgz",
      "integrity": "sha1-8aVAK6YiCtUswSgrrBrjqkn9Bho=",
      "requires": {
        "glob": "^7.1.3"
      }
    },
    "safe-buffer": {
      "version": "5.2.1",
      "resolved": "https://artifactory.hli.io:443/artifactory/api/npm/npm-virtual-release/safe-buffer/-/safe-buffer-5.2.1.tgz",
      "integrity": "sha1-Hq+fqb2x/dTsdfWPnNtOa3gn7sY="
    },
    "semver": {
      "version": "7.3.7",
      "resolved": "https://artifactory.hli.io:443/artifactory/api/npm/npm-virtual-release/semver/-/semver-7.3.7.tgz",
      "integrity": "sha1-EsW2Sa/b+QSXB3luIqQCiBTOUj8=",
      "requires": {
        "lru-cache": "^6.0.0"
      }
    },
    "set-blocking": {
      "version": "2.0.0",
      "resolved": "https://artifactory.hli.io:443/artifactory/api/npm/npm-virtual-release/set-blocking/-/set-blocking-2.0.0.tgz",
      "integrity": "sha1-BF+XgtARrppoA93TgrJDkrPYkPc="
    },
    "setprototypeof": {
      "version": "1.2.0",
      "resolved": "https://artifactory.hli.io:443/artifactory/api/npm/npm-virtual-release/setprototypeof/-/setprototypeof-1.2.0.tgz",
      "integrity": "sha1-ZsmiSnP5/CjL5msJ/tPTPcrxtCQ="
    },
    "signal-exit": {
      "version": "3.0.7",
      "resolved": "https://artifactory.hli.io:443/artifactory/api/npm/npm-virtual-release/signal-exit/-/signal-exit-3.0.7.tgz",
      "integrity": "sha1-qaF2f4r4QVURTqq9c/mSc8j1mtk="
    },
    "simple-concat": {
      "version": "1.0.1",
      "resolved": "https://artifactory.hli.io:443/artifactory/api/npm/npm-virtual-release/simple-concat/-/simple-concat-1.0.1.tgz",
      "integrity": "sha1-9Gl2CCujXCJj8cirXt/ibEHJVS8="
    },
    "simple-get": {
      "version": "3.1.1",
      "resolved": "https://artifactory.hli.io:443/artifactory/api/npm/npm-virtual-release/simple-get/-/simple-get-3.1.1.tgz",
      "integrity": "sha1-zHunfPvnYQNvv849AhryX8VYTVU=",
      "requires": {
        "decompress-response": "^4.2.0",
        "once": "^1.3.1",
        "simple-concat": "^1.0.0"
      }
    },
    "simple-update-notifier": {
      "version": "1.0.7",
      "resolved": "https://artifactory.hli.io:443/artifactory/api/npm/npm-virtual-release/simple-update-notifier/-/simple-update-notifier-1.0.7.tgz",
      "integrity": "sha1-ft91xb3QT4iCjWMvdisrwymWqcw=",
      "requires": {
        "semver": "~7.0.0"
      },
      "dependencies": {
        "semver": {
          "version": "7.0.0",
          "resolved": "https://artifactory.hli.io:443/artifactory/api/npm/npm-virtual-release/semver/-/semver-7.0.0.tgz",
          "integrity": "sha1-XzyjV2HkfgWyBsba/yz4FPAxa44="
        }
      }
    },
    "slang": {
      "version": "0.3.0",
      "resolved": "https://artifactory.hli.io:443/artifactory/api/npm/npm-virtual-release/slang/-/slang-0.3.0.tgz",
      "integrity": "sha1-E691tPDAGMaoGT1wT2WyO+T7q9w="
    },
    "statuses": {
      "version": "1.5.0",
      "resolved": "https://artifactory.hli.io:443/artifactory/api/npm/npm-virtual-release/statuses/-/statuses-1.5.0.tgz",
      "integrity": "sha1-Fhx9rBd2Wf2YEfQ3cfqZOBR4Yow="
    },
    "string-width": {
      "version": "4.2.3",
      "resolved": "https://artifactory.hli.io:443/artifactory/api/npm/npm-virtual-release/string-width/-/string-width-4.2.3.tgz",
      "integrity": "sha1-JpxxF9J7Ba0uU2gwqOyJXvnG0BA=",
      "requires": {
        "emoji-regex": "^8.0.0",
        "is-fullwidth-code-point": "^3.0.0",
        "strip-ansi": "^6.0.1"
      }
    },
    "string_decoder": {
      "version": "1.3.0",
      "resolved": "https://artifactory.hli.io:443/artifactory/api/npm/npm-virtual-release/string_decoder/-/string_decoder-1.3.0.tgz",
      "integrity": "sha1-QvEUWUpGzxqOMLCoT1bHjD7awh4=",
      "requires": {
        "safe-buffer": "~5.2.0"
      }
    },
    "strip-ansi": {
      "version": "6.0.1",
      "resolved": "https://artifactory.hli.io:443/artifactory/api/npm/npm-virtual-release/strip-ansi/-/strip-ansi-6.0.1.tgz",
      "integrity": "sha1-nibGPTD1NEPpSJSVshBdN7Z6hdk=",
      "requires": {
        "ansi-regex": "^5.0.1"
      }
    },
    "supports-color": {
      "version": "5.5.0",
      "resolved": "https://artifactory.hli.io:443/artifactory/api/npm/npm-virtual-release/supports-color/-/supports-color-5.5.0.tgz",
      "integrity": "sha1-4uaaRKyHcveKHsCzW2id9lMO/I8=",
      "requires": {
        "has-flag": "^3.0.0"
      }
    },
    "tar": {
      "version": "6.1.11",
      "resolved": "https://artifactory.hli.io:443/artifactory/api/npm/npm-virtual-release/tar/-/tar-6.1.11.tgz",
      "integrity": "sha1-Z2CjjwA6+hsv/Q/+npq70Oqz1iE=",
      "requires": {
        "chownr": "^2.0.0",
        "fs-minipass": "^2.0.0",
        "minipass": "^3.0.0",
        "minizlib": "^2.1.1",
        "mkdirp": "^1.0.3",
        "yallist": "^4.0.0"
      }
    },
    "to-regex-range": {
      "version": "5.0.1",
      "resolved": "https://artifactory.hli.io:443/artifactory/api/npm/npm-virtual-release/to-regex-range/-/to-regex-range-5.0.1.tgz",
      "integrity": "sha1-FkjESq58jZiKMmAY7XL1tN0DkuQ=",
      "requires": {
        "is-number": "^7.0.0"
      }
    },
    "toidentifier": {
      "version": "1.0.1",
      "resolved": "https://artifactory.hli.io:443/artifactory/api/npm/npm-virtual-release/toidentifier/-/toidentifier-1.0.1.tgz",
      "integrity": "sha1-O+NDIaiKgg7RvYDfqjPkefu43TU="
    },
    "touch": {
      "version": "3.1.0",
      "resolved": "https://artifactory.hli.io:443/artifactory/api/npm/npm-virtual-release/touch/-/touch-3.1.0.tgz",
      "integrity": "sha1-/jZfX3XsntTlaCXgu3bSSrdK+Ds=",
      "requires": {
        "nopt": "~1.0.10"
      },
      "dependencies": {
        "nopt": {
          "version": "1.0.10",
          "resolved": "https://artifactory.hli.io:443/artifactory/api/npm/npm-virtual-release/nopt/-/nopt-1.0.10.tgz",
          "integrity": "sha1-bd0hvSoxQXuScn3Vhfim83YI6+4=",
          "requires": {
            "abbrev": "1"
          }
        }
      }
    },
    "tr46": {
      "version": "0.0.3",
      "resolved": "https://artifactory.hli.io:443/artifactory/api/npm/npm-virtual-release/tr46/-/tr46-0.0.3.tgz",
      "integrity": "sha1-gYT9NH2snNwYWZLzpmIuFLnZq2o="
    },
    "tslib": {
      "version": "2.3.0",
      "resolved": "https://artifactory.hli.io:443/artifactory/api/npm/npm-virtual-release/tslib/-/tslib-2.3.0.tgz",
      "integrity": "sha1-gDuM2rPhK6WBpMpByIObuw2ssJ4="
    },
    "tsscmp": {
      "version": "1.0.6",
      "resolved": "https://artifactory.hli.io:443/artifactory/api/npm/npm-virtual-release/tsscmp/-/tsscmp-1.0.6.tgz",
      "integrity": "sha1-hbmVg6w1iexL/vgltQAKqRHWBes="
    },
    "type-is": {
      "version": "1.6.18",
      "resolved": "https://artifactory.hli.io:443/artifactory/api/npm/npm-virtual-release/type-is/-/type-is-1.6.18.tgz",
      "integrity": "sha1-TlUs0F3wlGfcvE73Od6J8s83wTE=",
      "requires": {
        "media-typer": "0.3.0",
        "mime-types": "~2.1.24"
      }
    },
    "undefsafe": {
      "version": "2.0.5",
      "resolved": "https://artifactory.hli.io:443/artifactory/api/npm/npm-virtual-release/undefsafe/-/undefsafe-2.0.5.tgz",
      "integrity": "sha1-OHM7kye9zSJtuIn7cjpu/RYubiw="
    },
    "util-deprecate": {
      "version": "1.0.2",
      "resolved": "https://artifactory.hli.io:443/artifactory/api/npm/npm-virtual-release/util-deprecate/-/util-deprecate-1.0.2.tgz",
      "integrity": "sha1-RQ1Nyfpw3nMnYvvS1KKJgUGaDM8="
    },
    "vary": {
      "version": "1.1.2",
      "resolved": "https://artifactory.hli.io:443/artifactory/api/npm/npm-virtual-release/vary/-/vary-1.1.2.tgz",
      "integrity": "sha1-IpnwLG3tMNSllhsLn3RSShj2NPw="
    },
    "webidl-conversions": {
      "version": "3.0.1",
      "resolved": "https://artifactory.hli.io:443/artifactory/api/npm/npm-virtual-release/webidl-conversions/-/webidl-conversions-3.0.1.tgz",
      "integrity": "sha1-JFNCdeKnvGvnvIZhHMFq4KVlSHE="
    },
    "whatwg-url": {
      "version": "5.0.0",
      "resolved": "https://artifactory.hli.io:443/artifactory/api/npm/npm-virtual-release/whatwg-url/-/whatwg-url-5.0.0.tgz",
      "integrity": "sha1-lmRU6HZUYuN2RNNib2dCzotwll0=",
      "requires": {
        "tr46": "~0.0.3",
        "webidl-conversions": "^3.0.0"
      }
    },
    "wide-align": {
      "version": "1.1.5",
      "resolved": "https://artifactory.hli.io:443/artifactory/api/npm/npm-virtual-release/wide-align/-/wide-align-1.1.5.tgz",
      "integrity": "sha1-3x1MIGhUNp7PPJpImPGyP72dFdM=",
      "requires": {
        "string-width": "^1.0.2 || 2 || 3 || 4"
      }
    },
    "wkhtmltopdf": {
      "version": "0.4.0",
      "resolved": "https://artifactory.hli.io:443/artifactory/api/npm/npm-virtual-release/wkhtmltopdf/-/wkhtmltopdf-0.4.0.tgz",
      "integrity": "sha1-tWdbV8ZhoaQ7VdiORv6nu3699gg=",
      "requires": {
        "is-stream": "^1.0.1",
        "slang": ">=0.2"
      }
    },
    "wrappy": {
      "version": "1.0.2",
      "resolved": "https://artifactory.hli.io:443/artifactory/api/npm/npm-virtual-release/wrappy/-/wrappy-1.0.2.tgz",
      "integrity": "sha1-tSQ9jz7BqjXxNkYFvA0QNuMKtp8="
    },
    "yallist": {
      "version": "4.0.0",
      "resolved": "https://artifactory.hli.io:443/artifactory/api/npm/npm-virtual-release/yallist/-/yallist-4.0.0.tgz",
      "integrity": "sha1-m7knkNnA7/7GO+c1GeEaNQGaOnI="
    },
    "ylru": {
      "version": "1.3.2",
      "resolved": "https://artifactory.hli.io:443/artifactory/api/npm/npm-virtual-release/ylru/-/ylru-1.3.2.tgz",
      "integrity": "sha1-DeSAF0cydaTL38g6Hq9nwBr4p4U="
    },
    "zrender": {
      "version": "5.3.2",
      "resolved": "https://artifactory.hli.io:443/artifactory/api/npm/npm-virtual-release/zrender/-/zrender-5.3.2.tgz",
      "integrity": "sha1-9nsR0209Ag1iQR07sSPrHJPMzWk=",
      "requires": {
        "tslib": "2.3.0"
      }
    }
  }
}
